
Microsoft Visual Studio Solution File, Format Version 12.00
Project("{FAE04EC0-301F-11D3-BF4B-00C04F79EFBC}") = "CaesarCipher", "CaesarCipher\CaesarCipher.csproj", "{13017CB1-9B73-49DE-A60F-8BF9FA3B0D8C}"
EndProject
Global
	GlobalSection(SolutionConfigurationPlatforms) = preSolution
		Debug|Any CPU = Debug|Any CPU
		Release|Any CPU = Release|Any CPU
	EndGlobalSection
	GlobalSection(ProjectConfigurationPlatforms) = postSolution
		{13017CB1-9B73-49DE-A60F-8BF9FA3B0D8C}.Debug|Any CPU.ActiveCfg = Debug|Any CPU
		{13017CB1-9B73-49DE-A60F-8BF9FA3B0D8C}.Debug|Any CPU.Build.0 = Debug|Any CPU
		{13017CB1-9B73-49DE-A60F-8BF9FA3B0D8C}.Release|Any CPU.ActiveCfg = Release|Any CPU
		{13017CB1-9B73-49DE-A60F-8BF9FA3B0D8C}.Release|Any CPU.Build.0 = Release|Any CPU
	EndGlobalSection
EndGlobal
